
Microsoft Visual Studio Solution File, Format Version 12.00
# Visual Studio Version 17
VisualStudioVersion = 17.7.34031.279
MinimumVisualStudioVersion = 10.0.40219.1
Project("{8BC9CEB8-8B4A-11D0-8D11-00A0C91BC942}") = "V7", "V7\V7.vcxproj", "{DBBE97DD-2E3A-47A0-AB9C-0C52DD2CEEEF}"
EndProject
Global
	GlobalSection(SolutionConfigurationPlatforms) = preSolution
		Debug|x64 = Debug|x64
		Debug|x86 = Debug|x86
		Release|x64 = Release|x64
		Release|x86 = Release|x86
	EndGlobalSection
	GlobalSection(ProjectConfigurationPlatforms) = postSolution
		{DBBE97DD-2E3A-47A0-AB9C-0C52DD2CEEEF}.Debug|x64.ActiveCfg = Debug|x64
		{DBBE97DD-2E3A-47A0-AB9C-0C52DD2CEEEF}.Debug|x64.Build.0 = Debug|x64
		{DBBE97DD-2E3A-47A0-AB9C-0C52DD2CEEEF}.Debug|x86.ActiveCfg = Debug|Win32
		{DBBE97DD-2E3A-47A0-AB9C-0C52DD2CEEEF}.Debug|x86.Build.0 = Debug|Win32
		{DBBE97DD-2E3A-47A0-AB9C-0C52DD2CEEEF}.Release|x64.ActiveCfg = Release|x64
		{DBBE97DD-2E3A-47A0-AB9C-0C52DD2CEEEF}.Release|x64.Build.0 = Release|x64
		{DBBE97DD-2E3A-47A0-AB9C-0C52DD2CEEEF}.Release|x86.ActiveCfg = Release|Win32
		{DBBE97DD-2E3A-47A0-AB9C-0C52DD2CEEEF}.Release|x86.Build.0 = Release|Win32
	EndGlobalSection
	GlobalSection(SolutionProperties) = preSolution
		HideSolutionNode = FALSE
	EndGlobalSection
	GlobalSection(ExtensibilityGlobals) = postSolution
		SolutionGuid = {4BEE9DED-0A76-4E40-964F-660519C93E03}
	EndGlobalSection
EndGlobal
